// !$*UTF8*$!
{
	archiveVersion = 1;
	classes = {
	};
	objectVersion = 50;
	objects = {

/* Begin PBXBuildFile section */
		2122539A2569145800FC22DB /* CalendarApp.swift in Sources */ = {isa = PBXBuildFile; fileRef = 212253872569145700FC22DB /* CalendarApp.swift */; };
		2122539B2569145800FC22DB /* CalendarApp.swift in Sources */ = {isa = PBXBuildFile; fileRef = 212253872569145700FC22DB /* CalendarApp.swift */; };
		2122539C2569145800FC22DB /* ContentView.swift in Sources */ = {isa = PBXBuildFile; fileRef = 212253882569145700FC22DB /* ContentView.swift */; };
		2122539D2569145800FC22DB /* ContentView.swift in Sources */ = {isa = PBXBuildFile; fileRef = 212253882569145700FC22DB /* ContentView.swift */; };
		2122539E2569145800FC22DB /* Assets.xcassets in Resources */ = {isa = PBXBuildFile; fileRef = 212253892569145800FC22DB /* Assets.xcassets */; };
		2122539F2569145800FC22DB /* Assets.xcassets in Resources */ = {isa = PBXBuildFile; fileRef = 212253892569145800FC22DB /* Assets.xcassets */; };
		212253AB256914B900FC22DB /* CalendarView.swift in Sources */ = {isa = PBXBuildFile; fileRef = 212253AA256914B900FC22DB /* CalendarView.swift */; };
		212253AC256914B900FC22DB /* CalendarView.swift in Sources */ = {isa = PBXBuildFile; fileRef = 212253AA256914B900FC22DB /* CalendarView.swift */; };
		212253B2256A7D0600FC22DB /* Calendar+Extension.swift in Sources */ = {isa = PBXBuildFile; fileRef = 212253B1256A7D0600FC22DB /* Calendar+Extension.swift */; };
		212253B3256A7D0600FC22DB /* Calendar+Extension.swift in Sources */ = {isa = PBXBuildFile; fileRef = 212253B1256A7D0600FC22DB /* Calendar+Extension.swift */; };
		212253B7256AE2FB00FC22DB /* Scheme.swift in Sources */ = {isa = PBXBuildFile; fileRef = 212253B6256AE2FB00FC22DB /* Scheme.swift */; };
		212253B8256AE2FB00FC22DB /* Scheme.swift in Sources */ = {isa = PBXBuildFile; fileRef = 212253B6256AE2FB00FC22DB /* Scheme.swift */; };
		2144D2DC25801075008EBD42 /* Date+Extension.swift in Sources */ = {isa = PBXBuildFile; fileRef = 2144D2DB25801075008EBD42 /* Date+Extension.swift */; };
		2144D2E9258010C5008EBD42 /* DateFormatter.swift in Sources */ = {isa = PBXBuildFile; fileRef = 2144D2E8258010C5008EBD42 /* DateFormatter.swift */; };
		2170CE5C2583E8BF00E4F1BB /* SimulatorDevices.swift in Sources */ = {isa = PBXBuildFile; fileRef = 2170CE5B2583E8BF00E4F1BB /* SimulatorDevices.swift */; };
		2170CE5D2583E8BF00E4F1BB /* SimulatorDevices.swift in Sources */ = {isa = PBXBuildFile; fileRef = 2170CE5B2583E8BF00E4F1BB /* SimulatorDevices.swift */; };
		2170CE5E2583E8BF00E4F1BB /* SimulatorDevices.swift in Sources */ = {isa = PBXBuildFile; fileRef = 2170CE5B2583E8BF00E4F1BB /* SimulatorDevices.swift */; };
		21A290F7258688AE0098B441 /* MonthSelectorView.swift in Sources */ = {isa = PBXBuildFile; fileRef = 21A290F6258688AE0098B441 /* MonthSelectorView.swift */; };
		21A290F8258688AE0098B441 /* MonthSelectorView.swift in Sources */ = {isa = PBXBuildFile; fileRef = 21A290F6258688AE0098B441 /* MonthSelectorView.swift */; };
		21A290F9258688AE0098B441 /* MonthSelectorView.swift in Sources */ = {isa = PBXBuildFile; fileRef = 21A290F6258688AE0098B441 /* MonthSelectorView.swift */; };
		21A2910225868A020098B441 /* IWatchFontsAdjuster.swift in Sources */ = {isa = PBXBuildFile; fileRef = 21A290FF25868A020098B441 /* IWatchFontsAdjuster.swift */; };
		21A2910B25868E070098B441 /* ShadingEffect.swift in Sources */ = {isa = PBXBuildFile; fileRef = 21A2910825868E070098B441 /* ShadingEffect.swift */; };
		21AA3E47256C35AF00A2291D /* Dia Calendar WatchKit App.app in Embed Watch Content */ = {isa = PBXBuildFile; fileRef = 21AA3E46256C35AF00A2291D /* Dia Calendar WatchKit App.app */; settings = {ATTRIBUTES = (RemoveHeadersOnCopy, ); }; };
		21AA3E4C256C35B000A2291D /* Assets.xcassets in Resources */ = {isa = PBXBuildFile; fileRef = 21AA3E4B256C35B000A2291D /* Assets.xcassets */; };
		21AA3E53256C35B000A2291D /* Dia Calendar WatchKit Extension.appex in Embed App Extensions */ = {isa = PBXBuildFile; fileRef = 21AA3E52256C35B000A2291D /* Dia Calendar WatchKit Extension.appex */; settings = {ATTRIBUTES = (RemoveHeadersOnCopy, ); }; };
		21AA3E58256C35B000A2291D /* CalendarApp.swift in Sources */ = {isa = PBXBuildFile; fileRef = 21AA3E57256C35B000A2291D /* CalendarApp.swift */; };
		21AA3E5A256C35B000A2291D /* ContentView.swift in Sources */ = {isa = PBXBuildFile; fileRef = 21AA3E59256C35B000A2291D /* ContentView.swift */; };
		21AA3E60256C35B000A2291D /* ComplicationController.swift in Sources */ = {isa = PBXBuildFile; fileRef = 21AA3E5F256C35B000A2291D /* ComplicationController.swift */; };
		21AA3E62256C35B000A2291D /* Assets.xcassets in Resources */ = {isa = PBXBuildFile; fileRef = 21AA3E61256C35B000A2291D /* Assets.xcassets */; };
		21AA3E65256C35B000A2291D /* Preview Assets.xcassets in Resources */ = {isa = PBXBuildFile; fileRef = 21AA3E64256C35B000A2291D /* Preview Assets.xcassets */; };
		21AA3E78256C36B300A2291D /* CalendarView.swift in Sources */ = {isa = PBXBuildFile; fileRef = 212253AA256914B900FC22DB /* CalendarView.swift */; };
		21AA3E7E256C36BE00A2291D /* Scheme.swift in Sources */ = {isa = PBXBuildFile; fileRef = 212253B6256AE2FB00FC22DB /* Scheme.swift */; };
		21AA3E84256C36C100A2291D /* Calendar+Extension.swift in Sources */ = {isa = PBXBuildFile; fileRef = 212253B1256A7D0600FC22DB /* Calendar+Extension.swift */; };
		21BA513025718D310040C220 /* ComplicationDataBuilder.swift in Sources */ = {isa = PBXBuildFile; fileRef = 21BA512F25718D310040C220 /* ComplicationDataBuilder.swift */; };
		21C00C802584D79B00BBC614 /* DateFormatter.swift in Sources */ = {isa = PBXBuildFile; fileRef = 2144D2E8258010C5008EBD42 /* DateFormatter.swift */; };
		21C00C812584D79B00BBC614 /* Date+Extension.swift in Sources */ = {isa = PBXBuildFile; fileRef = 2144D2DB25801075008EBD42 /* Date+Extension.swift */; };
		21C00C872584D79C00BBC614 /* DateFormatter.swift in Sources */ = {isa = PBXBuildFile; fileRef = 2144D2E8258010C5008EBD42 /* DateFormatter.swift */; };
		21C00C882584D79C00BBC614 /* Date+Extension.swift in Sources */ = {isa = PBXBuildFile; fileRef = 2144D2DB25801075008EBD42 /* Date+Extension.swift */; };
		21C09BC625865DAC00C80127 /* CalendarNavigationView.swift in Sources */ = {isa = PBXBuildFile; fileRef = 21C09BC325865DAC00C80127 /* CalendarNavigationView.swift */; };
		21C0CD82258AA39200B68F66 /* CalendarNavigationViewModel.swift in Sources */ = {isa = PBXBuildFile; fileRef = 21C0CD7F258AA39200B68F66 /* CalendarNavigationViewModel.swift */; };
		21DC4EB6256D79E60087AB27 /* CalendarDateLabel.swift in Sources */ = {isa = PBXBuildFile; fileRef = 21DC4EB5256D79E60087AB27 /* CalendarDateLabel.swift */; };
		21DC4EB7256D79E60087AB27 /* CalendarDateLabel.swift in Sources */ = {isa = PBXBuildFile; fileRef = 21DC4EB5256D79E60087AB27 /* CalendarDateLabel.swift */; };
		21DC4EB8256D79E60087AB27 /* CalendarDateLabel.swift in Sources */ = {isa = PBXBuildFile; fileRef = 21DC4EB5256D79E60087AB27 /* CalendarDateLabel.swift */; };
		21DC4ECB256D7B2F0087AB27 /* CalendarHeaderView.swift in Sources */ = {isa = PBXBuildFile; fileRef = 21DC4ECA256D7B2F0087AB27 /* CalendarHeaderView.swift */; };
		21DC4ECC256D7B2F0087AB27 /* CalendarHeaderView.swift in Sources */ = {isa = PBXBuildFile; fileRef = 21DC4ECA256D7B2F0087AB27 /* CalendarHeaderView.swift */; };
		21DC4ECD256D7B2F0087AB27 /* CalendarHeaderView.swift in Sources */ = {isa = PBXBuildFile; fileRef = 21DC4ECA256D7B2F0087AB27 /* CalendarHeaderView.swift */; };
		21DC4ED4256D7B470087AB27 /* CalendarBodyView.swift in Sources */ = {isa = PBXBuildFile; fileRef = 21DC4ED3256D7B470087AB27 /* CalendarBodyView.swift */; };
		21DC4ED5256D7B470087AB27 /* CalendarBodyView.swift in Sources */ = {isa = PBXBuildFile; fileRef = 21DC4ED3256D7B470087AB27 /* CalendarBodyView.swift */; };
		21DC4ED6256D7B470087AB27 /* CalendarBodyView.swift in Sources */ = {isa = PBXBuildFile; fileRef = 21DC4ED3256D7B470087AB27 /* CalendarBodyView.swift */; };
		21DC4EDD256D7B640087AB27 /* CalendarWeekView.swift in Sources */ = {isa = PBXBuildFile; fileRef = 21DC4EDC256D7B640087AB27 /* CalendarWeekView.swift */; };
		21DC4EDE256D7B640087AB27 /* CalendarWeekView.swift in Sources */ = {isa = PBXBuildFile; fileRef = 21DC4EDC256D7B640087AB27 /* CalendarWeekView.swift */; };
		21DC4EDF256D7B640087AB27 /* CalendarWeekView.swift in Sources */ = {isa = PBXBuildFile; fileRef = 21DC4EDC256D7B640087AB27 /* CalendarWeekView.swift */; };
		21DC4EE6256D7B7A0087AB27 /* CalendarDateView.swift in Sources */ = {isa = PBXBuildFile; fileRef = 21DC4EE5256D7B7A0087AB27 /* CalendarDateView.swift */; };
		21DC4EE7256D7B7A0087AB27 /* CalendarDateView.swift in Sources */ = {isa = PBXBuildFile; fileRef = 21DC4EE5256D7B7A0087AB27 /* CalendarDateView.swift */; };
		21DC4EE8256D7B7A0087AB27 /* CalendarDateView.swift in Sources */ = {isa = PBXBuildFile; fileRef = 21DC4EE5256D7B7A0087AB27 /* CalendarDateView.swift */; };
		21DC4EF0256D7BE60087AB27 /* Scheme+Presets.swift in Sources */ = {isa = PBXBuildFile; fileRef = 21DC4EEF256D7BE60087AB27 /* Scheme+Presets.swift */; };
		21DC4EF1256D7BE60087AB27 /* Scheme+Presets.swift in Sources */ = {isa = PBXBuildFile; fileRef = 21DC4EEF256D7BE60087AB27 /* Scheme+Presets.swift */; };
		21DC4EF2256D7BE60087AB27 /* Scheme+Presets.swift in Sources */ = {isa = PBXBuildFile; fileRef = 21DC4EEF256D7BE60087AB27 /* Scheme+Presets.swift */; };
		21E9982825A9A4AA006A75D9 /* Comparable+Bounded.swift in Sources */ = {isa = PBXBuildFile; fileRef = 21E9982725A9A4AA006A75D9 /* Comparable+Bounded.swift */; };
		21F4B2D125801541003ED844 /* TodaysGraphicBezelCircularTemplate.swift in Sources */ = {isa = PBXBuildFile; fileRef = 21F4B2D025801541003ED844 /* TodaysGraphicBezelCircularTemplate.swift */; };
		21F7DF372579722200002CC5 /* TodaysGraphicRectangularTemplate.swift in Sources */ = {isa = PBXBuildFile; fileRef = 21F7DF362579722200002CC5 /* TodaysGraphicRectangularTemplate.swift */; };
		21FADD982599D04A00777598 /* IWatchDigitalCrownConnector.swift in Sources */ = {isa = PBXBuildFile; fileRef = 21FADD952599D04A00777598 /* IWatchDigitalCrownConnector.swift */; };
/* End PBXBuildFile section */

/* Begin PBXContainerItemProxy section */
		21AA3E48256C35AF00A2291D /* PBXContainerItemProxy */ = {
			isa = PBXContainerItemProxy;
			containerPortal = 212253822569145700FC22DB /* Project object */;
			proxyType = 1;
			remoteGlobalIDString = 21AA3E45256C35AF00A2291D;
			remoteInfo = "Dia Calendar WatchKit App";
		};
		21AA3E54256C35B000A2291D /* PBXContainerItemProxy */ = {
			isa = PBXContainerItemProxy;
			containerPortal = 212253822569145700FC22DB /* Project object */;
			proxyType = 1;
			remoteGlobalIDString = 21AA3E51256C35B000A2291D;
			remoteInfo = "Dia Calendar WatchKit Extension";
		};
/* End PBXContainerItemProxy section */

/* Begin PBXCopyFilesBuildPhase section */
		21AA3E6A256C35B000A2291D /* Embed Watch Content */ = {
			isa = PBXCopyFilesBuildPhase;
			buildActionMask = 2147483647;
			dstPath = "$(CONTENTS_FOLDER_PATH)/Watch";
			dstSubfolderSpec = 16;
			files = (
				21AA3E47256C35AF00A2291D /* Dia Calendar WatchKit App.app in Embed Watch Content */,
			);
			name = "Embed Watch Content";
			runOnlyForDeploymentPostprocessing = 0;
		};
		21AA3E6D256C35B000A2291D /* Embed App Extensions */ = {
			isa = PBXCopyFilesBuildPhase;
			buildActionMask = 2147483647;
			dstPath = "";
			dstSubfolderSpec = 13;
			files = (
				21AA3E53256C35B000A2291D /* Dia Calendar WatchKit Extension.appex in Embed App Extensions */,
			);
			name = "Embed App Extensions";
			runOnlyForDeploymentPostprocessing = 0;
		};
/* End PBXCopyFilesBuildPhase section */

/* Begin PBXFileReference section */
		212253872569145700FC22DB /* CalendarApp.swift */ = {isa = PBXFileReference; lastKnownFileType = sourcecode.swift; path = CalendarApp.swift; sourceTree = "<group>"; };
		212253882569145700FC22DB /* ContentView.swift */ = {isa = PBXFileReference; lastKnownFileType = sourcecode.swift; path = ContentView.swift; sourceTree = "<group>"; };
		212253892569145800FC22DB /* Assets.xcassets */ = {isa = PBXFileReference; lastKnownFileType = folder.assetcatalog; path = Assets.xcassets; sourceTree = "<group>"; };
		2122538E2569145800FC22DB /* Calendar.app */ = {isa = PBXFileReference; explicitFileType = wrapper.application; includeInIndex = 0; path = Calendar.app; sourceTree = BUILT_PRODUCTS_DIR; };
		212253912569145800FC22DB /* Info.plist */ = {isa = PBXFileReference; lastKnownFileType = text.plist.xml; path = Info.plist; sourceTree = "<group>"; };
		212253962569145800FC22DB /* Calendar.app */ = {isa = PBXFileReference; explicitFileType = wrapper.application; includeInIndex = 0; path = Calendar.app; sourceTree = BUILT_PRODUCTS_DIR; };
		212253982569145800FC22DB /* Info.plist */ = {isa = PBXFileReference; lastKnownFileType = text.plist.xml; path = Info.plist; sourceTree = "<group>"; };
		212253992569145800FC22DB /* macOS.entitlements */ = {isa = PBXFileReference; lastKnownFileType = text.plist.entitlements; path = macOS.entitlements; sourceTree = "<group>"; };
		212253AA256914B900FC22DB /* CalendarView.swift */ = {isa = PBXFileReference; lastKnownFileType = sourcecode.swift; path = CalendarView.swift; sourceTree = "<group>"; };
		212253B1256A7D0600FC22DB /* Calendar+Extension.swift */ = {isa = PBXFileReference; lastKnownFileType = sourcecode.swift; path = "Calendar+Extension.swift"; sourceTree = "<group>"; };
		212253B6256AE2FB00FC22DB /* Scheme.swift */ = {isa = PBXFileReference; lastKnownFileType = sourcecode.swift; path = Scheme.swift; sourceTree = "<group>"; };
		2144D2DB25801075008EBD42 /* Date+Extension.swift */ = {isa = PBXFileReference; lastKnownFileType = sourcecode.swift; path = "Date+Extension.swift"; sourceTree = "<group>"; };
		2144D2E8258010C5008EBD42 /* DateFormatter.swift */ = {isa = PBXFileReference; lastKnownFileType = sourcecode.swift; path = DateFormatter.swift; sourceTree = "<group>"; };
		2170CE5B2583E8BF00E4F1BB /* SimulatorDevices.swift */ = {isa = PBXFileReference; lastKnownFileType = sourcecode.swift; path = SimulatorDevices.swift; sourceTree = "<group>"; };
		21A290F6258688AE0098B441 /* MonthSelectorView.swift */ = {isa = PBXFileReference; lastKnownFileType = sourcecode.swift; path = MonthSelectorView.swift; sourceTree = "<group>"; };
		21A290FF25868A020098B441 /* IWatchFontsAdjuster.swift */ = {isa = PBXFileReference; lastKnownFileType = sourcecode.swift; path = IWatchFontsAdjuster.swift; sourceTree = "<group>"; };
		21A2910825868E070098B441 /* ShadingEffect.swift */ = {isa = PBXFileReference; lastKnownFileType = sourcecode.swift; path = ShadingEffect.swift; sourceTree = "<group>"; };
		21AA3E43256C35AF00A2291D /* Dia Calendar.app */ = {isa = PBXFileReference; explicitFileType = wrapper.application; includeInIndex = 0; path = "Dia Calendar.app"; sourceTree = BUILT_PRODUCTS_DIR; };
		21AA3E46256C35AF00A2291D /* Dia Calendar WatchKit App.app */ = {isa = PBXFileReference; explicitFileType = wrapper.application; includeInIndex = 0; path = "Dia Calendar WatchKit App.app"; sourceTree = BUILT_PRODUCTS_DIR; };
		21AA3E4B256C35B000A2291D /* Assets.xcassets */ = {isa = PBXFileReference; lastKnownFileType = folder.assetcatalog; path = Assets.xcassets; sourceTree = "<group>"; };
		21AA3E4D256C35B000A2291D /* Info.plist */ = {isa = PBXFileReference; lastKnownFileType = text.plist.xml; path = Info.plist; sourceTree = "<group>"; };
		21AA3E52256C35B000A2291D /* Dia Calendar WatchKit Extension.appex */ = {isa = PBXFileReference; explicitFileType = "wrapper.app-extension"; includeInIndex = 0; path = "Dia Calendar WatchKit Extension.appex"; sourceTree = BUILT_PRODUCTS_DIR; };
		21AA3E57256C35B000A2291D /* CalendarApp.swift */ = {isa = PBXFileReference; lastKnownFileType = sourcecode.swift; path = CalendarApp.swift; sourceTree = "<group>"; };
		21AA3E59256C35B000A2291D /* ContentView.swift */ = {isa = PBXFileReference; lastKnownFileType = sourcecode.swift; path = ContentView.swift; sourceTree = "<group>"; };
		21AA3E5F256C35B000A2291D /* ComplicationController.swift */ = {isa = PBXFileReference; lastKnownFileType = sourcecode.swift; path = ComplicationController.swift; sourceTree = "<group>"; };
		21AA3E61256C35B000A2291D /* Assets.xcassets */ = {isa = PBXFileReference; lastKnownFileType = folder.assetcatalog; path = Assets.xcassets; sourceTree = "<group>"; };
		21AA3E64256C35B000A2291D /* Preview Assets.xcassets */ = {isa = PBXFileReference; lastKnownFileType = folder.assetcatalog; path = "Preview Assets.xcassets"; sourceTree = "<group>"; };
		21AA3E66256C35B000A2291D /* Info.plist */ = {isa = PBXFileReference; lastKnownFileType = text.plist.xml; path = Info.plist; sourceTree = "<group>"; };
		21BA512F25718D310040C220 /* ComplicationDataBuilder.swift */ = {isa = PBXFileReference; lastKnownFileType = sourcecode.swift; path = ComplicationDataBuilder.swift; sourceTree = "<group>"; };
		21C09BC325865DAC00C80127 /* CalendarNavigationView.swift */ = {isa = PBXFileReference; lastKnownFileType = sourcecode.swift; path = CalendarNavigationView.swift; sourceTree = "<group>"; };
		21C0CD7F258AA39200B68F66 /* CalendarNavigationViewModel.swift */ = {isa = PBXFileReference; lastKnownFileType = sourcecode.swift; path = CalendarNavigationViewModel.swift; sourceTree = "<group>"; };
		21DC4EB5256D79E60087AB27 /* CalendarDateLabel.swift */ = {isa = PBXFileReference; lastKnownFileType = sourcecode.swift; path = CalendarDateLabel.swift; sourceTree = "<group>"; };
		21DC4ECA256D7B2F0087AB27 /* CalendarHeaderView.swift */ = {isa = PBXFileReference; lastKnownFileType = sourcecode.swift; path = CalendarHeaderView.swift; sourceTree = "<group>"; };
		21DC4ED3256D7B470087AB27 /* CalendarBodyView.swift */ = {isa = PBXFileReference; lastKnownFileType = sourcecode.swift; path = CalendarBodyView.swift; sourceTree = "<group>"; };
		21DC4EDC256D7B640087AB27 /* CalendarWeekView.swift */ = {isa = PBXFileReference; lastKnownFileType = sourcecode.swift; path = CalendarWeekView.swift; sourceTree = "<group>"; };
		21DC4EE5256D7B7A0087AB27 /* CalendarDateView.swift */ = {isa = PBXFileReference; lastKnownFileType = sourcecode.swift; path = CalendarDateView.swift; sourceTree = "<group>"; };
		21DC4EEF256D7BE60087AB27 /* Scheme+Presets.swift */ = {isa = PBXFileReference; lastKnownFileType = sourcecode.swift; path = "Scheme+Presets.swift"; sourceTree = "<group>"; };
		21E9982725A9A4AA006A75D9 /* Comparable+Bounded.swift */ = {isa = PBXFileReference; lastKnownFileType = sourcecode.swift; path = "Comparable+Bounded.swift"; sourceTree = "<group>"; };
		21F4B2D025801541003ED844 /* TodaysGraphicBezelCircularTemplate.swift */ = {isa = PBXFileReference; lastKnownFileType = sourcecode.swift; path = TodaysGraphicBezelCircularTemplate.swift; sourceTree = "<group>"; };
		21F7DF362579722200002CC5 /* TodaysGraphicRectangularTemplate.swift */ = {isa = PBXFileReference; lastKnownFileType = sourcecode.swift; path = TodaysGraphicRectangularTemplate.swift; sourceTree = "<group>"; };
		21FADD952599D04A00777598 /* IWatchDigitalCrownConnector.swift */ = {isa = PBXFileReference; lastKnownFileType = sourcecode.swift; path = IWatchDigitalCrownConnector.swift; sourceTree = "<group>"; };
/* End PBXFileReference section */

/* Begin PBXFrameworksBuildPhase section */
		2122538B2569145800FC22DB /* Frameworks */ = {
			isa = PBXFrameworksBuildPhase;
			buildActionMask = 2147483647;
			files = (
			);
			runOnlyForDeploymentPostprocessing = 0;
		};
		212253932569145800FC22DB /* Frameworks */ = {
			isa = PBXFrameworksBuildPhase;
			buildActionMask = 2147483647;
			files = (
			);
			runOnlyForDeploymentPostprocessing = 0;
		};
		21AA3E4F256C35B000A2291D /* Frameworks */ = {
			isa = PBXFrameworksBuildPhase;
			buildActionMask = 2147483647;
			files = (
			);
			runOnlyForDeploymentPostprocessing = 0;
		};
/* End PBXFrameworksBuildPhase section */

/* Begin PBXGroup section */
		212253812569145700FC22DB = {
			isa = PBXGroup;
			children = (
				212253862569145700FC22DB /* Shared */,
				212253902569145800FC22DB /* iOS */,
				212253972569145800FC22DB /* macOS */,
				21AA3E4A256C35AF00A2291D /* Dia Calendar WatchKit App */,
				21AA3E56256C35B000A2291D /* Dia Calendar WatchKit Extension */,
				2122538F2569145800FC22DB /* Products */,
			);
			sourceTree = "<group>";
		};
		212253862569145700FC22DB /* Shared */ = {
			isa = PBXGroup;
			children = (
				21E997C325A99A75006A75D9 /* Tools */,
				21AA3E8A256C36CA00A2291D /* DiaCalendar */,
				212253872569145700FC22DB /* CalendarApp.swift */,
				212253882569145700FC22DB /* ContentView.swift */,
				212253892569145800FC22DB /* Assets.xcassets */,
			);
			path = Shared;
			sourceTree = "<group>";
		};
		2122538F2569145800FC22DB /* Products */ = {
			isa = PBXGroup;
			children = (
				2122538E2569145800FC22DB /* Calendar.app */,
				212253962569145800FC22DB /* Calendar.app */,
				21AA3E43256C35AF00A2291D /* Dia Calendar.app */,
				21AA3E46256C35AF00A2291D /* Dia Calendar WatchKit App.app */,
				21AA3E52256C35B000A2291D /* Dia Calendar WatchKit Extension.appex */,
			);
			name = Products;
			sourceTree = "<group>";
		};
		212253902569145800FC22DB /* iOS */ = {
			isa = PBXGroup;
			children = (
				212253912569145800FC22DB /* Info.plist */,
			);
			path = iOS;
			sourceTree = "<group>";
		};
		212253972569145800FC22DB /* macOS */ = {
			isa = PBXGroup;
			children = (
				212253982569145800FC22DB /* Info.plist */,
				212253992569145800FC22DB /* macOS.entitlements */,
			);
			path = macOS;
			sourceTree = "<group>";
		};
		21AA3E4A256C35AF00A2291D /* Dia Calendar WatchKit App */ = {
			isa = PBXGroup;
			children = (
				21AA3E4B256C35B000A2291D /* Assets.xcassets */,
				21AA3E4D256C35B000A2291D /* Info.plist */,
			);
			path = "Dia Calendar WatchKit App";
			sourceTree = "<group>";
		};
		21AA3E56256C35B000A2291D /* Dia Calendar WatchKit Extension */ = {
			isa = PBXGroup;
			children = (
				21E997E725A9A0A3006A75D9 /* CalendarNavigationView */,
				21BA513D25718D8D0040C220 /* Complications */,
				21AA3E57256C35B000A2291D /* CalendarApp.swift */,
				21AA3E59256C35B000A2291D /* ContentView.swift */,
				21AA3E61256C35B000A2291D /* Assets.xcassets */,
				21AA3E66256C35B000A2291D /* Info.plist */,
				21AA3E63256C35B000A2291D /* Preview Content */,
			);
			path = "Dia Calendar WatchKit Extension";
			sourceTree = "<group>";
		};
		21AA3E63256C35B000A2291D /* Preview Content */ = {
			isa = PBXGroup;
			children = (
				21AA3E64256C35B000A2291D /* Preview Assets.xcassets */,
			);
			path = "Preview Content";
			sourceTree = "<group>";
		};
		21AA3E8A256C36CA00A2291D /* DiaCalendar */ = {
			isa = PBXGroup;
			children = (
				21DC4EC4256D7B120087AB27 /* Views */,
				21DC4EEE256D7BBD0087AB27 /* Scheme */,
				21C00C8E2584DCB200BBC614 /* Extensions */,
				21C00C942584DCD100BBC614 /* Constants */,
			);
			path = DiaCalendar;
			sourceTree = "<group>";
		};
		21BA513D25718D8D0040C220 /* Complications */ = {
			isa = PBXGroup;
			children = (
				21AA3E5F256C35B000A2291D /* ComplicationController.swift */,
				21BA512F25718D310040C220 /* ComplicationDataBuilder.swift */,
				21F7DF362579722200002CC5 /* TodaysGraphicRectangularTemplate.swift */,
				21F4B2D025801541003ED844 /* TodaysGraphicBezelCircularTemplate.swift */,
			);
			path = Complications;
			sourceTree = "<group>";
		};
		21C00C8E2584DCB200BBC614 /* Extensions */ = {
			isa = PBXGroup;
			children = (
				212253B1256A7D0600FC22DB /* Calendar+Extension.swift */,
				2144D2DB25801075008EBD42 /* Date+Extension.swift */,
			);
			path = Extensions;
			sourceTree = "<group>";
		};
		21C00C942584DCD100BBC614 /* Constants */ = {
			isa = PBXGroup;
			children = (
				2144D2E8258010C5008EBD42 /* DateFormatter.swift */,
			);
			path = Constants;
			sourceTree = "<group>";
		};
		21C00C9A2584DD5A00BBC614 /* Components */ = {
			isa = PBXGroup;
			children = (
				21DC4ECA256D7B2F0087AB27 /* CalendarHeaderView.swift */,
				21DC4ED3256D7B470087AB27 /* CalendarBodyView.swift */,
				21DC4EDC256D7B640087AB27 /* CalendarWeekView.swift */,
				21DC4EE5256D7B7A0087AB27 /* CalendarDateView.swift */,
				21A290F6258688AE0098B441 /* MonthSelectorView.swift */,
			);
			path = Components;
			sourceTree = "<group>";
		};
		21DC4EBE256D7A120087AB27 /* Modifiers */ = {
			isa = PBXGroup;
			children = (
				21DC4EB5256D79E60087AB27 /* CalendarDateLabel.swift */,
			);
			path = Modifiers;
			sourceTree = "<group>";
		};
		21DC4EC4256D7B120087AB27 /* Views */ = {
			isa = PBXGroup;
			children = (
				21E997ED25A9A0E2006A75D9 /* Calendar */,
			);
			path = Views;
			sourceTree = "<group>";
		};
		21DC4EEE256D7BBD0087AB27 /* Scheme */ = {
			isa = PBXGroup;
			children = (
				212253B6256AE2FB00FC22DB /* Scheme.swift */,
				21DC4EEF256D7BE60087AB27 /* Scheme+Presets.swift */,
			);
			path = Scheme;
			sourceTree = "<group>";
		};
		21E997C325A99A75006A75D9 /* Tools */ = {
			isa = PBXGroup;
			children = (
				2170CE5B2583E8BF00E4F1BB /* SimulatorDevices.swift */,
			);
			path = Tools;
			sourceTree = "<group>";
		};
		21E997E725A9A0A3006A75D9 /* CalendarNavigationView */ = {
			isa = PBXGroup;
			children = (
				21E9981C25A9A3FC006A75D9 /* Modifiers */,
				21E9982E25A9A4C0006A75D9 /* Extensions */,
				21C09BC325865DAC00C80127 /* CalendarNavigationView.swift */,
				21C0CD7F258AA39200B68F66 /* CalendarNavigationViewModel.swift */,
			);
			path = CalendarNavigationView;
			sourceTree = "<group>";
		};
		21E997ED25A9A0E2006A75D9 /* Calendar */ = {
			isa = PBXGroup;
			children = (
				21DC4EBE256D7A120087AB27 /* Modifiers */,
				21C00C9A2584DD5A00BBC614 /* Components */,
				212253AA256914B900FC22DB /* CalendarView.swift */,
			);
			path = Calendar;
			sourceTree = "<group>";
		};
		21E9981C25A9A3FC006A75D9 /* Modifiers */ = {
			isa = PBXGroup;
			children = (
				21A290FF25868A020098B441 /* IWatchFontsAdjuster.swift */,
				21FADD952599D04A00777598 /* IWatchDigitalCrownConnector.swift */,
				21A2910825868E070098B441 /* ShadingEffect.swift */,
			);
			path = Modifiers;
			sourceTree = "<group>";
		};
		21E9982E25A9A4C0006A75D9 /* Extensions */ = {
			isa = PBXGroup;
			children = (
				21E9982725A9A4AA006A75D9 /* Comparable+Bounded.swift */,
			);
			path = Extensions;
			sourceTree = "<group>";
		};
/* End PBXGroup section */

/* Begin PBXNativeTarget section */
		2122538D2569145800FC22DB /* Calendar (iOS) */ = {
			isa = PBXNativeTarget;
			buildConfigurationList = 212253A22569145800FC22DB /* Build configuration list for PBXNativeTarget "Calendar (iOS)" */;
			buildPhases = (
				2122538A2569145800FC22DB /* Sources */,
				2122538B2569145800FC22DB /* Frameworks */,
				2122538C2569145800FC22DB /* Resources */,
			);
			buildRules = (
			);
			dependencies = (
			);
			name = "Calendar (iOS)";
			productName = "Calendar (iOS)";
			productReference = 2122538E2569145800FC22DB /* Calendar.app */;
			productType = "com.apple.product-type.application";
		};
		212253952569145800FC22DB /* Calendar (macOS) */ = {
			isa = PBXNativeTarget;
			buildConfigurationList = 212253A52569145800FC22DB /* Build configuration list for PBXNativeTarget "Calendar (macOS)" */;
			buildPhases = (
				212253922569145800FC22DB /* Sources */,
				212253932569145800FC22DB /* Frameworks */,
				212253942569145800FC22DB /* Resources */,
			);
			buildRules = (
			);
			dependencies = (
			);
			name = "Calendar (macOS)";
			productName = "Calendar (macOS)";
			productReference = 212253962569145800FC22DB /* Calendar.app */;
			productType = "com.apple.product-type.application";
		};
		21AA3E42256C35AF00A2291D /* Dia Calendar */ = {
			isa = PBXNativeTarget;
			buildConfigurationList = 21AA3E72256C35B000A2291D /* Build configuration list for PBXNativeTarget "Dia Calendar" */;
			buildPhases = (
				21AA3E41256C35AF00A2291D /* Resources */,
				21AA3E6A256C35B000A2291D /* Embed Watch Content */,
			);
			buildRules = (
			);
			dependencies = (
				21AA3E49256C35AF00A2291D /* PBXTargetDependency */,
			);
			name = "Dia Calendar";
			productName = "Dia Calendar";
			productReference = 21AA3E43256C35AF00A2291D /* Dia Calendar.app */;
			productType = "com.apple.product-type.application.watchapp2-container";
		};
		21AA3E45256C35AF00A2291D /* Dia Calendar WatchKit App */ = {
			isa = PBXNativeTarget;
			buildConfigurationList = 21AA3E71256C35B000A2291D /* Build configuration list for PBXNativeTarget "Dia Calendar WatchKit App" */;
			buildPhases = (
				21AA3E44256C35AF00A2291D /* Resources */,
				21AA3E6D256C35B000A2291D /* Embed App Extensions */,
			);
			buildRules = (
			);
			dependencies = (
				21AA3E55256C35B000A2291D /* PBXTargetDependency */,
			);
			name = "Dia Calendar WatchKit App";
			productName = "Dia Calendar WatchKit App";
			productReference = 21AA3E46256C35AF00A2291D /* Dia Calendar WatchKit App.app */;
			productType = "com.apple.product-type.application.watchapp2";
		};
		21AA3E51256C35B000A2291D /* Dia Calendar WatchKit Extension */ = {
			isa = PBXNativeTarget;
			buildConfigurationList = 21AA3E70256C35B000A2291D /* Build configuration list for PBXNativeTarget "Dia Calendar WatchKit Extension" */;
			buildPhases = (
				21AA3E4E256C35B000A2291D /* Sources */,
				21AA3E4F256C35B000A2291D /* Frameworks */,
				21AA3E50256C35B000A2291D /* Resources */,
			);
			buildRules = (
			);
			dependencies = (
			);
			name = "Dia Calendar WatchKit Extension";
			productName = "Dia Calendar WatchKit Extension";
			productReference = 21AA3E52256C35B000A2291D /* Dia Calendar WatchKit Extension.appex */;
			productType = "com.apple.product-type.watchkit2-extension";
		};
/* End PBXNativeTarget section */

/* Begin PBXProject section */
		212253822569145700FC22DB /* Project object */ = {
			isa = PBXProject;
			attributes = {
				LastSwiftUpdateCheck = 1220;
				LastUpgradeCheck = 1220;
				TargetAttributes = {
					2122538D2569145800FC22DB = {
						CreatedOnToolsVersion = 12.2;
					};
					212253952569145800FC22DB = {
						CreatedOnToolsVersion = 12.2;
					};
					21AA3E42256C35AF00A2291D = {
						CreatedOnToolsVersion = 12.2;
					};
					21AA3E45256C35AF00A2291D = {
						CreatedOnToolsVersion = 12.2;
					};
					21AA3E51256C35B000A2291D = {
						CreatedOnToolsVersion = 12.2;
					};
				};
			};
			buildConfigurationList = 212253852569145700FC22DB /* Build configuration list for PBXProject "Calendar" */;
			compatibilityVersion = "Xcode 9.3";
			developmentRegion = en;
			hasScannedForEncodings = 0;
			knownRegions = (
				en,
				Base,
			);
			mainGroup = 212253812569145700FC22DB;
			productRefGroup = 2122538F2569145800FC22DB /* Products */;
			projectDirPath = "";
			projectRoot = "";
			targets = (
				2122538D2569145800FC22DB /* Calendar (iOS) */,
				212253952569145800FC22DB /* Calendar (macOS) */,
				21AA3E42256C35AF00A2291D /* Dia Calendar */,
				21AA3E45256C35AF00A2291D /* Dia Calendar WatchKit App */,
				21AA3E51256C35B000A2291D /* Dia Calendar WatchKit Extension */,
			);
		};
/* End PBXProject section */

/* Begin PBXResourcesBuildPhase section */
		2122538C2569145800FC22DB /* Resources */ = {
			isa = PBXResourcesBuildPhase;
			buildActionMask = 2147483647;
			files = (
				2122539E2569145800FC22DB /* Assets.xcassets in Resources */,
			);
			runOnlyForDeploymentPostprocessing = 0;
		};
		212253942569145800FC22DB /* Resources */ = {
			isa = PBXResourcesBuildPhase;
			buildActionMask = 2147483647;
			files = (
				2122539F2569145800FC22DB /* Assets.xcassets in Resources */,
			);
			runOnlyForDeploymentPostprocessing = 0;
		};
		21AA3E41256C35AF00A2291D /* Resources */ = {
			isa = PBXResourcesBuildPhase;
			buildActionMask = 2147483647;
			files = (
			);
			runOnlyForDeploymentPostprocessing = 0;
		};
		21AA3E44256C35AF00A2291D /* Resources */ = {
			isa = PBXResourcesBuildPhase;
			buildActionMask = 2147483647;
			files = (
				21AA3E4C256C35B000A2291D /* Assets.xcassets in Resources */,
			);
			runOnlyForDeploymentPostprocessing = 0;
		};
		21AA3E50256C35B000A2291D /* Resources */ = {
			isa = PBXResourcesBuildPhase;
			buildActionMask = 2147483647;
			files = (
				21AA3E65256C35B000A2291D /* Preview Assets.xcassets in Resources */,
				21AA3E62256C35B000A2291D /* Assets.xcassets in Resources */,
			);
			runOnlyForDeploymentPostprocessing = 0;
		};
/* End PBXResourcesBuildPhase section */

/* Begin PBXSourcesBuildPhase section */
		2122538A2569145800FC22DB /* Sources */ = {
			isa = PBXSourcesBuildPhase;
			buildActionMask = 2147483647;
			files = (
				21A290F7258688AE0098B441 /* MonthSelectorView.swift in Sources */,
				2170CE5C2583E8BF00E4F1BB /* SimulatorDevices.swift in Sources */,
				21DC4EB6256D79E60087AB27 /* CalendarDateLabel.swift in Sources */,
				2122539C2569145800FC22DB /* ContentView.swift in Sources */,
				21DC4EE6256D7B7A0087AB27 /* CalendarDateView.swift in Sources */,
				21C00C812584D79B00BBC614 /* Date+Extension.swift in Sources */,
				21C00C802584D79B00BBC614 /* DateFormatter.swift in Sources */,
				21DC4ECB256D7B2F0087AB27 /* CalendarHeaderView.swift in Sources */,
				21DC4EF0256D7BE60087AB27 /* Scheme+Presets.swift in Sources */,
				212253B2256A7D0600FC22DB /* Calendar+Extension.swift in Sources */,
				21DC4ED4256D7B470087AB27 /* CalendarBodyView.swift in Sources */,
				2122539A2569145800FC22DB /* CalendarApp.swift in Sources */,
				21DC4EDD256D7B640087AB27 /* CalendarWeekView.swift in Sources */,
				212253AB256914B900FC22DB /* CalendarView.swift in Sources */,
				212253B7256AE2FB00FC22DB /* Scheme.swift in Sources */,
			);
			runOnlyForDeploymentPostprocessing = 0;
		};
		212253922569145800FC22DB /* Sources */ = {
			isa = PBXSourcesBuildPhase;
			buildActionMask = 2147483647;
			files = (
				21A290F8258688AE0098B441 /* MonthSelectorView.swift in Sources */,
				2170CE5D2583E8BF00E4F1BB /* SimulatorDevices.swift in Sources */,
				21DC4EB7256D79E60087AB27 /* CalendarDateLabel.swift in Sources */,
				2122539D2569145800FC22DB /* ContentView.swift in Sources */,
				21DC4EE7256D7B7A0087AB27 /* CalendarDateView.swift in Sources */,
				21C00C882584D79C00BBC614 /* Date+Extension.swift in Sources */,
				21C00C872584D79C00BBC614 /* DateFormatter.swift in Sources */,
				21DC4ECC256D7B2F0087AB27 /* CalendarHeaderView.swift in Sources */,
				21DC4EF1256D7BE60087AB27 /* Scheme+Presets.swift in Sources */,
				212253B3256A7D0600FC22DB /* Calendar+Extension.swift in Sources */,
				21DC4ED5256D7B470087AB27 /* CalendarBodyView.swift in Sources */,
				2122539B2569145800FC22DB /* CalendarApp.swift in Sources */,
				21DC4EDE256D7B640087AB27 /* CalendarWeekView.swift in Sources */,
				212253AC256914B900FC22DB /* CalendarView.swift in Sources */,
				212253B8256AE2FB00FC22DB /* Scheme.swift in Sources */,
			);
			runOnlyForDeploymentPostprocessing = 0;
		};
		21AA3E4E256C35B000A2291D /* Sources */ = {
			isa = PBXSourcesBuildPhase;
			buildActionMask = 2147483647;
			files = (
				21E9982825A9A4AA006A75D9 /* Comparable+Bounded.swift in Sources */,
				21DC4EB8256D79E60087AB27 /* CalendarDateLabel.swift in Sources */,
				2144D2E9258010C5008EBD42 /* DateFormatter.swift in Sources */,
				2170CE5E2583E8BF00E4F1BB /* SimulatorDevices.swift in Sources */,
				21AA3E5A256C35B000A2291D /* ContentView.swift in Sources */,
				21DC4EF2256D7BE60087AB27 /* Scheme+Presets.swift in Sources */,
				21C0CD82258AA39200B68F66 /* CalendarNavigationViewModel.swift in Sources */,
				21DC4ECD256D7B2F0087AB27 /* CalendarHeaderView.swift in Sources */,
				21A2910B25868E070098B441 /* ShadingEffect.swift in Sources */,
				21A2910225868A020098B441 /* IWatchFontsAdjuster.swift in Sources */,
				21AA3E78256C36B300A2291D /* CalendarView.swift in Sources */,
				21AA3E60256C35B000A2291D /* ComplicationController.swift in Sources */,
				21DC4EDF256D7B640087AB27 /* CalendarWeekView.swift in Sources */,
				21A290F9258688AE0098B441 /* MonthSelectorView.swift in Sources */,
				21C09BC625865DAC00C80127 /* CalendarNavigationView.swift in Sources */,
				21DC4EE8256D7B7A0087AB27 /* CalendarDateView.swift in Sources */,
				21AA3E7E256C36BE00A2291D /* Scheme.swift in Sources */,
				21AA3E84256C36C100A2291D /* Calendar+Extension.swift in Sources */,
				21F4B2D125801541003ED844 /* TodaysGraphicBezelCircularTemplate.swift in Sources */,
				21FADD982599D04A00777598 /* IWatchDigitalCrownConnector.swift in Sources */,
				21DC4ED6256D7B470087AB27 /* CalendarBodyView.swift in Sources */,
				21BA513025718D310040C220 /* ComplicationDataBuilder.swift in Sources */,
				21AA3E58256C35B000A2291D /* CalendarApp.swift in Sources */,
				21F7DF372579722200002CC5 /* TodaysGraphicRectangularTemplate.swift in Sources */,
				2144D2DC25801075008EBD42 /* Date+Extension.swift in Sources */,
			);
			runOnlyForDeploymentPostprocessing = 0;
		};
/* End PBXSourcesBuildPhase section */

/* Begin PBXTargetDependency section */
		21AA3E49256C35AF00A2291D /* PBXTargetDependency */ = {
			isa = PBXTargetDependency;
			target = 21AA3E45256C35AF00A2291D /* Dia Calendar WatchKit App */;
			targetProxy = 21AA3E48256C35AF00A2291D /* PBXContainerItemProxy */;
		};
		21AA3E55256C35B000A2291D /* PBXTargetDependency */ = {
			isa = PBXTargetDependency;
			target = 21AA3E51256C35B000A2291D /* Dia Calendar WatchKit Extension */;
			targetProxy = 21AA3E54256C35B000A2291D /* PBXContainerItemProxy */;
		};
/* End PBXTargetDependency section */

/* Begin XCBuildConfiguration section */
		212253A02569145800FC22DB /* Debug */ = {
			isa = XCBuildConfiguration;
			buildSettings = {
				ALWAYS_SEARCH_USER_PATHS = NO;
				CLANG_ANALYZER_NONNULL = YES;
				CLANG_ANALYZER_NUMBER_OBJECT_CONVERSION = YES_AGGRESSIVE;
				CLANG_CXX_LANGUAGE_STANDARD = "gnu++14";
				CLANG_CXX_LIBRARY = "libc++";
				CLANG_ENABLE_MODULES = YES;
				CLANG_ENABLE_OBJC_ARC = YES;
				CLANG_ENABLE_OBJC_WEAK = YES;
				CLANG_WARN_BLOCK_CAPTURE_AUTORELEASING = YES;
				CLANG_WARN_BOOL_CONVERSION = YES;
				CLANG_WARN_COMMA = YES;
				CLANG_WARN_CONSTANT_CONVERSION = YES;
				CLANG_WARN_DEPRECATED_OBJC_IMPLEMENTATIONS = YES;
				CLANG_WARN_DIRECT_OBJC_ISA_USAGE = YES_ERROR;
				CLANG_WARN_DOCUMENTATION_COMMENTS = YES;
				CLANG_WARN_EMPTY_BODY = YES;
				CLANG_WARN_ENUM_CONVERSION = YES;
				CLANG_WARN_INFINITE_RECURSION = YES;
				CLANG_WARN_INT_CONVERSION = YES;
				CLANG_WARN_NON_LITERAL_NULL_CONVERSION = YES;
				CLANG_WARN_OBJC_IMPLICIT_RETAIN_SELF = YES;
				CLANG_WARN_OBJC_LITERAL_CONVERSION = YES;
				CLANG_WARN_OBJC_ROOT_CLASS = YES_ERROR;
				CLANG_WARN_QUOTED_INCLUDE_IN_FRAMEWORK_HEADER = YES;
				CLANG_WARN_RANGE_LOOP_ANALYSIS = YES;
				CLANG_WARN_STRICT_PROTOTYPES = YES;
				CLANG_WARN_SUSPICIOUS_MOVE = YES;
				CLANG_WARN_UNGUARDED_AVAILABILITY = YES_AGGRESSIVE;
				CLANG_WARN_UNREACHABLE_CODE = YES;
				CLANG_WARN__DUPLICATE_METHOD_MATCH = YES;
				COPY_PHASE_STRIP = NO;
				DEBUG_INFORMATION_FORMAT = dwarf;
				ENABLE_STRICT_OBJC_MSGSEND = YES;
				ENABLE_TESTABILITY = YES;
				GCC_C_LANGUAGE_STANDARD = gnu11;
				GCC_DYNAMIC_NO_PIC = NO;
				GCC_NO_COMMON_BLOCKS = YES;
				GCC_OPTIMIZATION_LEVEL = 0;
				GCC_PREPROCESSOR_DEFINITIONS = (
					"DEBUG=1",
					"$(inherited)",
				);
				GCC_WARN_64_TO_32_BIT_CONVERSION = YES;
				GCC_WARN_ABOUT_RETURN_TYPE = YES_ERROR;
				GCC_WARN_UNDECLARED_SELECTOR = YES;
				GCC_WARN_UNINITIALIZED_AUTOS = YES_AGGRESSIVE;
				GCC_WARN_UNUSED_FUNCTION = YES;
				GCC_WARN_UNUSED_VARIABLE = YES;
				MTL_ENABLE_DEBUG_INFO = INCLUDE_SOURCE;
				MTL_FAST_MATH = YES;
				ONLY_ACTIVE_ARCH = YES;
				SWIFT_ACTIVE_COMPILATION_CONDITIONS = DEBUG;
				SWIFT_OPTIMIZATION_LEVEL = "-Onone";
			};
			name = Debug;
		};
		212253A12569145800FC22DB /* Release */ = {
			isa = XCBuildConfiguration;
			buildSettings = {
				ALWAYS_SEARCH_USER_PATHS = NO;
				CLANG_ANALYZER_NONNULL = YES;
				CLANG_ANALYZER_NUMBER_OBJECT_CONVERSION = YES_AGGRESSIVE;
				CLANG_CXX_LANGUAGE_STANDARD = "gnu++14";
				CLANG_CXX_LIBRARY = "libc++";
				CLANG_ENABLE_MODULES = YES;
				CLANG_ENABLE_OBJC_ARC = YES;
				CLANG_ENABLE_OBJC_WEAK = YES;
				CLANG_WARN_BLOCK_CAPTURE_AUTORELEASING = YES;
				CLANG_WARN_BOOL_CONVERSION = YES;
				CLANG_WARN_COMMA = YES;
				CLANG_WARN_CONSTANT_CONVERSION = YES;
				CLANG_WARN_DEPRECATED_OBJC_IMPLEMENTATIONS = YES;
				CLANG_WARN_DIRECT_OBJC_ISA_USAGE = YES_ERROR;
				CLANG_WARN_DOCUMENTATION_COMMENTS = YES;
				CLANG_WARN_EMPTY_BODY = YES;
				CLANG_WARN_ENUM_CONVERSION = YES;
				CLANG_WARN_INFINITE_RECURSION = YES;
				CLANG_WARN_INT_CONVERSION = YES;
				CLANG_WARN_NON_LITERAL_NULL_CONVERSION = YES;
				CLANG_WARN_OBJC_IMPLICIT_RETAIN_SELF = YES;
				CLANG_WARN_OBJC_LITERAL_CONVERSION = YES;
				CLANG_WARN_OBJC_ROOT_CLASS = YES_ERROR;
				CLANG_WARN_QUOTED_INCLUDE_IN_FRAMEWORK_HEADER = YES;
				CLANG_WARN_RANGE_LOOP_ANALYSIS = YES;
				CLANG_WARN_STRICT_PROTOTYPES = YES;
				CLANG_WARN_SUSPICIOUS_MOVE = YES;
				CLANG_WARN_UNGUARDED_AVAILABILITY = YES_AGGRESSIVE;
				CLANG_WARN_UNREACHABLE_CODE = YES;
				CLANG_WARN__DUPLICATE_METHOD_MATCH = YES;
				COPY_PHASE_STRIP = NO;
				DEBUG_INFORMATION_FORMAT = "dwarf-with-dsym";
				ENABLE_NS_ASSERTIONS = NO;
				ENABLE_STRICT_OBJC_MSGSEND = YES;
				GCC_C_LANGUAGE_STANDARD = gnu11;
				GCC_NO_COMMON_BLOCKS = YES;
				GCC_WARN_64_TO_32_BIT_CONVERSION = YES;
				GCC_WARN_ABOUT_RETURN_TYPE = YES_ERROR;
				GCC_WARN_UNDECLARED_SELECTOR = YES;
				GCC_WARN_UNINITIALIZED_AUTOS = YES_AGGRESSIVE;
				GCC_WARN_UNUSED_FUNCTION = YES;
				GCC_WARN_UNUSED_VARIABLE = YES;
				MTL_ENABLE_DEBUG_INFO = NO;
				MTL_FAST_MATH = YES;
				SWIFT_COMPILATION_MODE = wholemodule;
				SWIFT_OPTIMIZATION_LEVEL = "-O";
			};
			name = Release;
		};
		212253A32569145800FC22DB /* Debug */ = {
			isa = XCBuildConfiguration;
			buildSettings = {
				ASSETCATALOG_COMPILER_APPICON_NAME = AppIcon;
				ASSETCATALOG_COMPILER_GLOBAL_ACCENT_COLOR_NAME = AccentColor;
				CODE_SIGN_IDENTITY = "Apple Development";
				CODE_SIGN_STYLE = Automatic;
				DEVELOPMENT_TEAM = AA2SB2RADU;
				ENABLE_PREVIEWS = YES;
				INFOPLIST_FILE = iOS/Info.plist;
				IPHONEOS_DEPLOYMENT_TARGET = 14.0;
				LD_RUNPATH_SEARCH_PATHS = (
					"$(inherited)",
					"@executable_path/Frameworks",
				);
				PRODUCT_BUNDLE_IDENTIFIER = su.bwi.app.calendar;
				PRODUCT_NAME = Calendar;
				PROVISIONING_PROFILE_SPECIFIER = "";
				SDKROOT = iphoneos;
				SWIFT_VERSION = 5.0;
				TARGETED_DEVICE_FAMILY = "1,2";
			};
			name = Debug;
		};
		212253A42569145800FC22DB /* Release */ = {
			isa = XCBuildConfiguration;
			buildSettings = {
				ASSETCATALOG_COMPILER_APPICON_NAME = AppIcon;
				ASSETCATALOG_COMPILER_GLOBAL_ACCENT_COLOR_NAME = AccentColor;
				CODE_SIGN_IDENTITY = "Apple Development";
				CODE_SIGN_STYLE = Automatic;
				DEVELOPMENT_TEAM = AA2SB2RADU;
				ENABLE_PREVIEWS = YES;
				INFOPLIST_FILE = iOS/Info.plist;
				IPHONEOS_DEPLOYMENT_TARGET = 14.0;
				LD_RUNPATH_SEARCH_PATHS = (
					"$(inherited)",
					"@executable_path/Frameworks",
				);
				PRODUCT_BUNDLE_IDENTIFIER = su.bwi.app.calendar;
				PRODUCT_NAME = Calendar;
				PROVISIONING_PROFILE_SPECIFIER = "";
				SDKROOT = iphoneos;
				SWIFT_VERSION = 5.0;
				TARGETED_DEVICE_FAMILY = "1,2";
				VALIDATE_PRODUCT = YES;
			};
			name = Release;
		};
		212253A62569145800FC22DB /* Debug */ = {
			isa = XCBuildConfiguration;
			buildSettings = {
				ASSETCATALOG_COMPILER_APPICON_NAME = AppIcon;
				ASSETCATALOG_COMPILER_GLOBAL_ACCENT_COLOR_NAME = AccentColor;
				CODE_SIGN_ENTITLEMENTS = macOS/macOS.entitlements;
				CODE_SIGN_STYLE = Automatic;
				COMBINE_HIDPI_IMAGES = YES;
				DEVELOPMENT_TEAM = AA2SB2RADU;
				ENABLE_HARDENED_RUNTIME = YES;
				ENABLE_PREVIEWS = YES;
				INFOPLIST_FILE = macOS/Info.plist;
				LD_RUNPATH_SEARCH_PATHS = (
					"$(inherited)",
					"@executable_path/../Frameworks",
				);
				MACOSX_DEPLOYMENT_TARGET = 11.0;
				PRODUCT_BUNDLE_IDENTIFIER = su.bwi.app.calendar;
				PRODUCT_NAME = Calendar;
				SDKROOT = macosx;
				SWIFT_VERSION = 5.0;
			};
			name = Debug;
		};
		212253A72569145800FC22DB /* Release */ = {
			isa = XCBuildConfiguration;
			buildSettings = {
				ASSETCATALOG_COMPILER_APPICON_NAME = AppIcon;
				ASSETCATALOG_COMPILER_GLOBAL_ACCENT_COLOR_NAME = AccentColor;
				CODE_SIGN_ENTITLEMENTS = macOS/macOS.entitlements;
				CODE_SIGN_STYLE = Automatic;
				COMBINE_HIDPI_IMAGES = YES;
				DEVELOPMENT_TEAM = AA2SB2RADU;
				ENABLE_HARDENED_RUNTIME = YES;
				ENABLE_PREVIEWS = YES;
				INFOPLIST_FILE = macOS/Info.plist;
				LD_RUNPATH_SEARCH_PATHS = (
					"$(inherited)",
					"@executable_path/../Frameworks",
				);
				MACOSX_DEPLOYMENT_TARGET = 11.0;
				PRODUCT_BUNDLE_IDENTIFIER = su.bwi.app.calendar;
				PRODUCT_NAME = Calendar;
				SDKROOT = macosx;
				SWIFT_VERSION = 5.0;
			};
			name = Release;
		};
		21AA3E68256C35B000A2291D /* Debug */ = {
			isa = XCBuildConfiguration;
			buildSettings = {
				CODE_SIGN_STYLE = Automatic;
				CURRENT_PROJECT_VERSION = 4;
				DEVELOPMENT_TEAM = AA2SB2RADU;
				MARKETING_VERSION = 1.0;
				PRODUCT_BUNDLE_IDENTIFIER = su.bwi.app.calendar;
				PRODUCT_NAME = "Dia Calendar";
				SDKROOT = iphoneos;
				SWIFT_VERSION = 5.0;
			};
			name = Debug;
		};
		21AA3E69256C35B000A2291D /* Release */ = {
			isa = XCBuildConfiguration;
			buildSettings = {
				CODE_SIGN_STYLE = Automatic;
				CURRENT_PROJECT_VERSION = 4;
				DEVELOPMENT_TEAM = AA2SB2RADU;
				MARKETING_VERSION = 1.0;
				PRODUCT_BUNDLE_IDENTIFIER = su.bwi.app.calendar;
				PRODUCT_NAME = "Dia Calendar";
				SDKROOT = iphoneos;
				SWIFT_VERSION = 5.0;
				VALIDATE_PRODUCT = YES;
			};
			name = Release;
		};
		21AA3E6B256C35B000A2291D /* Debug */ = {
			isa = XCBuildConfiguration;
			buildSettings = {
				ALWAYS_EMBED_SWIFT_STANDARD_LIBRARIES = YES;
				ASSETCATALOG_COMPILER_APPICON_NAME = AppIcon;
				ASSETCATALOG_COMPILER_GLOBAL_ACCENT_COLOR_NAME = AccentColor;
				CODE_SIGN_STYLE = Automatic;
				CURRENT_PROJECT_VERSION = 4;
				DEVELOPMENT_TEAM = AA2SB2RADU;
				IBSC_MODULE = Dia_Calendar_WatchKit_Extension;
				INFOPLIST_FILE = "Dia Calendar WatchKit App/Info.plist";
				PRODUCT_BUNDLE_IDENTIFIER = su.bwi.app.calendar.watchkitapp;
				PRODUCT_NAME = "$(TARGET_NAME)";
				SDKROOT = watchos;
				SKIP_INSTALL = YES;
				SWIFT_VERSION = 5.0;
				TARGETED_DEVICE_FAMILY = 4;
				WATCHOS_DEPLOYMENT_TARGET = 7.0;
			};
			name = Debug;
		};
		21AA3E6C256C35B000A2291D /* Release */ = {
			isa = XCBuildConfiguration;
			buildSettings = {
				ALWAYS_EMBED_SWIFT_STANDARD_LIBRARIES = YES;
				ASSETCATALOG_COMPILER_APPICON_NAME = AppIcon;
				ASSETCATALOG_COMPILER_GLOBAL_ACCENT_COLOR_NAME = AccentColor;
				CODE_SIGN_STYLE = Automatic;
				CURRENT_PROJECT_VERSION = 4;
				DEVELOPMENT_TEAM = AA2SB2RADU;
				IBSC_MODULE = Dia_Calendar_WatchKit_Extension;
				INFOPLIST_FILE = "Dia Calendar WatchKit App/Info.plist";
				PRODUCT_BUNDLE_IDENTIFIER = su.bwi.app.calendar.watchkitapp;
				PRODUCT_NAME = "$(TARGET_NAME)";
				SDKROOT = watchos;
				SKIP_INSTALL = YES;
				SWIFT_VERSION = 5.0;
				TARGETED_DEVICE_FAMILY = 4;
				VALIDATE_PRODUCT = YES;
				WATCHOS_DEPLOYMENT_TARGET = 7.0;
			};
			name = Release;
		};
		21AA3E6E256C35B000A2291D /* Debug */ = {
			isa = XCBuildConfiguration;
			buildSettings = {
				ASSETCATALOG_COMPILER_COMPLICATION_NAME = Complication;
				CODE_SIGN_STYLE = Automatic;
				CURRENT_PROJECT_VERSION = 4;
				DEVELOPMENT_ASSET_PATHS = "\"Dia Calendar WatchKit Extension/Preview Content\"";
				DEVELOPMENT_TEAM = AA2SB2RADU;
				ENABLE_PREVIEWS = YES;
				INFOPLIST_FILE = "Dia Calendar WatchKit Extension/Info.plist";
				LD_RUNPATH_SEARCH_PATHS = (
					"$(inherited)",
					"@executable_path/Frameworks",
					"@executable_path/../../Frameworks",
				);
				PRODUCT_BUNDLE_IDENTIFIER = su.bwi.app.calendar.watchkitapp.watchkitextension;
				PRODUCT_NAME = "${TARGET_NAME}";
				SDKROOT = watchos;
				SKIP_INSTALL = YES;
				SWIFT_VERSION = 5.0;
				TARGETED_DEVICE_FAMILY = 4;
				WATCHOS_DEPLOYMENT_TARGET = 7.0;
			};
			name = Debug;
		};
		21AA3E6F256C35B000A2291D /* Release */ = {
			isa = XCBuildConfiguration;
			buildSettings = {
				ASSETCATALOG_COMPILER_COMPLICATION_NAME = Complication;
				CODE_SIGN_STYLE = Automatic;
				CURRENT_PROJECT_VERSION = 4;
				DEVELOPMENT_ASSET_PATHS = "\"Dia Calendar WatchKit Extension/Preview Content\"";
				DEVELOPMENT_TEAM = AA2SB2RADU;
				ENABLE_PREVIEWS = YES;
				INFOPLIST_FILE = "Dia Calendar WatchKit Extension/Info.plist";
				LD_RUNPATH_SEARCH_PATHS = (
					"$(inherited)",
					"@executable_path/Frameworks",
					"@executable_path/../../Frameworks",
				);
				PRODUCT_BUNDLE_IDENTIFIER = su.bwi.app.calendar.watchkitapp.watchkitextension;
				PRODUCT_NAME = "${TARGET_NAME}";
				SDKROOT = watchos;
				SKIP_INSTALL = YES;
				SWIFT_VERSION = 5.0;
				TARGETED_DEVICE_FAMILY = 4;
				VALIDATE_PRODUCT = YES;
				WATCHOS_DEPLOYMENT_TARGET = 7.0;
			};
			name = Release;
		};
/* End XCBuildConfiguration section */

/* Begin XCConfigurationList section */
		212253852569145700FC22DB /* Build configuration list for PBXProject "Calendar" */ = {
			isa = XCConfigurationList;
			buildConfigurations = (
				212253A02569145800FC22DB /* Debug */,
				212253A12569145800FC22DB /* Release */,
			);
			defaultConfigurationIsVisible = 0;
			defaultConfigurationName = Release;
		};
		212253A22569145800FC22DB /* Build configuration list for PBXNativeTarget "Calendar (iOS)" */ = {
			isa = XCConfigurationList;
			buildConfigurations = (
				212253A32569145800FC22DB /* Debug */,
				212253A42569145800FC22DB /* Release */,
			);
			defaultConfigurationIsVisible = 0;
			defaultConfigurationName = Release;
		};
		212253A52569145800FC22DB /* Build configuration list for PBXNativeTarget "Calendar (macOS)" */ = {
			isa = XCConfigurationList;
			buildConfigurations = (
				212253A62569145800FC22DB /* Debug */,
				212253A72569145800FC22DB /* Release */,
			);
			defaultConfigurationIsVisible = 0;
			defaultConfigurationName = Release;
		};
		21AA3E70256C35B000A2291D /* Build configuration list for PBXNativeTarget "Dia Calendar WatchKit Extension" */ = {
			isa = XCConfigurationList;
			buildConfigurations = (
				21AA3E6E256C35B000A2291D /* Debug */,
				21AA3E6F256C35B000A2291D /* Release */,
			);
			defaultConfigurationIsVisible = 0;
			defaultConfigurationName = Release;
		};
		21AA3E71256C35B000A2291D /* Build configuration list for PBXNativeTarget "Dia Calendar WatchKit App" */ = {
			isa = XCConfigurationList;
			buildConfigurations = (
				21AA3E6B256C35B000A2291D /* Debug */,
				21AA3E6C256C35B000A2291D /* Release */,
			);
			defaultConfigurationIsVisible = 0;
			defaultConfigurationName = Release;
		};
		21AA3E72256C35B000A2291D /* Build configuration list for PBXNativeTarget "Dia Calendar" */ = {
			isa = XCConfigurationList;
			buildConfigurations = (
				21AA3E68256C35B000A2291D /* Debug */,
				21AA3E69256C35B000A2291D /* Release */,
			);
			defaultConfigurationIsVisible = 0;
			defaultConfigurationName = Release;
		};
/* End XCConfigurationList section */
	};
	rootObject = 212253822569145700FC22DB /* Project object */;
}
